PODS:
  - custom_image_picker (0.0.1):
    - Flutter
  - Flutter (1.0.0)

DEPENDENCIES:
  - custom_image_picker (from `.symlinks/plugins/custom_image_picker/ios`)
  - Flutter (from `Flutter`)

EXTERNAL SOURCES:
  custom_image_picker:
    :path: ".symlinks/plugins/custom_image_picker/ios"
  Flutter:
    :path: Flutter

SPEC CHECKSUMS:
  custom_image_picker: 6b94b5937b2433854b5e723eec44dd51af021a99
  Flutter: 0e3d915762c693b495b44d77113d4970485de6ec

PODFILE CHECKSUM: 1b66dae606f75376c5f2135a8290850eeb09ae83

COCOAPODS: 1.9.1
